
Microsoft Visual Studio Solution File, Format Version 12.00
# Visual Studio Version 17
VisualStudioVersion = 17.0.31912.275
MinimumVisualStudioVersion = 10.0.40219.1
Project("{FAE04EC0-301F-11D3-BF4B-00C04F79EFBC}") = "RescoCLI", "RescoCLI\RescoCLI.csproj", "{AC3FBB61-8868-47B3-B44B-AA102AD07714}"
EndProject
Global
	GlobalSection(SolutionConfigurationPlatforms) = preSolution
		Debug|Any CPU = Debug|Any CPU
		Release|Any CPU = Release|Any CPU
	EndGlobalSection
	GlobalSection(ProjectConfigurationPlatforms) = postSolution
		{AC3FBB61-8868-47B3-B44B-AA102AD07714}.Debug|Any CPU.ActiveCfg = Debug|Any CPU
		{AC3FBB61-8868-47B3-B44B-AA102AD07714}.Debug|Any CPU.Build.0 = Debug|Any CPU
		{AC3FBB61-8868-47B3-B44B-AA102AD07714}.Release|Any CPU.ActiveCfg = Release|Any CPU
		{AC3FBB61-8868-47B3-B44B-AA102AD07714}.Release|Any CPU.Build.0 = Release|Any CPU
	EndGlobalSection
	GlobalSection(SolutionProperties) = preSolution
		HideSolutionNode = FALSE
	EndGlobalSection
	GlobalSection(ExtensibilityGlobals) = postSolution
		SolutionGuid = {530B87A5-BAAC-47A7-B8E2-41D571AA0615}
	EndGlobalSection
EndGlobal
